
Microsoft Visual Studio Solution File, Format Version 12.00
# Visual Studio Version 17
VisualStudioVersion = 17.0.31912.275
MinimumVisualStudioVersion = 10.0.40219.1
Project("{FAE04EC0-301F-11D3-BF4B-00C04F79EFBC}") = "notes-api", "notes-api.csproj", "{591441F6-3546-4FA6-B1E1-45A6C99F161F}"
EndProject
Global
	GlobalSection(SolutionConfigurationPlatforms) = preSolution
		Debug|Any CPU = Debug|Any CPU
		Release|Any CPU = Release|Any CPU
	EndGlobalSection
	GlobalSection(ProjectConfigurationPlatforms) = postSolution
		{591441F6-3546-4FA6-B1E1-45A6C99F161F}.Debug|Any CPU.ActiveCfg = Debug|Any CPU
		{591441F6-3546-4FA6-B1E1-45A6C99F161F}.Debug|Any CPU.Build.0 = Debug|Any CPU
		{591441F6-3546-4FA6-B1E1-45A6C99F161F}.Release|Any CPU.ActiveCfg = Release|Any CPU
		{591441F6-3546-4FA6-B1E1-45A6C99F161F}.Release|Any CPU.Build.0 = Release|Any CPU
	EndGlobalSection
	GlobalSection(SolutionProperties) = preSolution
		HideSolutionNode = FALSE
	EndGlobalSection
	GlobalSection(ExtensibilityGlobals) = postSolution
		SolutionGuid = {1976134C-E019-4D96-BC96-87415F565403}
	EndGlobalSection
EndGlobal
